<?xml version="1.0" encoding="utf-8"?>
<Project ToolsVersion="4.0" xmlns="http://schemas.microsoft.com/developer/msbuild/2003">
  <ItemGroup>
    <Filter Include="File di origine">
      <UniqueIdentifier>{4FC737F1-C7A5-4376-A066-2A32D752A2FF}</UniqueIdentifier>
      <Extensions>cpp;c;cc;cxx;c++;cppm;ixx;def;odl;idl;hpj;bat;asm;asmx</Extensions>
    </Filter>
    <Filter Include="File di intestazione">
      <UniqueIdentifier>{93995380-89BD-4b04-88EB-625FBE52EBFB}</UniqueIdentifier>
      <Extensions>h;hh;hpp;hxx;h++;hm;inl;inc;ipp;xsd</Extensions>
    </Filter>
    <Filter Include="File di risorse">
      <UniqueIdentifier>{67DA6AB6-F800-4c08-8B7A-83BB121AAD01}</UniqueIdentifier>
      <Extensions>rc;ico;cur;bmp;dlg;rc2;rct;bin;rgs;gif;jpg;jpeg;jpe;resx;tiff;tif;png;wav;mfcribbon-ms</Extensions>
    </Filter>
  </ItemGroup>
  <ItemGroup>
    <ClCompile Include="..\..\glad\src\glad.c">
      <Filter>File di risorse</Filter>
    </ClCompile>
    <ClCompile Include="SkeletalModel\SkeletalModel.cpp">
      <Filter>File di origine</Filter>
    </ClCompile>
    <ClCompile Include="SkeletalModel\AnimationScene.cpp">
      <Filter>File di origine</Filter>
    </ClCompile>
    <ClCompile Include="SkeletalModel\drawable.cpp">
      <Filter>File di origine</Filter>
    </ClCompile>
    <ClCompile Include="SkeletalModel\gl_core_4_3.cpp">
      <Filter>File di origine</Filter>
    </ClCompile>
    <ClCompile Include="SkeletalModel\glslprogram.cpp">
      <Filter>File di origine</Filter>
    </ClCompile>
    <ClCompile Include="SkeletalModel\glutils.cpp">
      <Filter>File di origine</Filter>
    </ClCompile>
    <ClCompile Include="SkeletalModel\Math3D.cpp">
      <Filter>File di origine</Filter>
    </ClCompile>
    <ClCompile Include="SkeletalModel\QuatCamera.cpp">
      <Filter>File di origine</Filter>
    </ClCompile>
    <ClCompile Include="SkeletalModel\TeapotAD.cpp">
      <Filter>File di origine</Filter>
    </ClCompile>
    <ClCompile Include="SkeletalModel\stdafx.cpp">
      <Filter>File di origine</Filter>
    </ClCompile>
  </ItemGroup>
  <ItemGroup>
    <ClInclude Include="C:\Program Files (x86)\glfw-3.3.8\include\glad\glad.h">
      <Filter>File di intestazione</Filter>
    </ClInclude>
    <ClInclude Include="SkeletalModel\SkeletalModel.h">
      <Filter>File di intestazione</Filter>
    </ClInclude>
    <ClInclude Include="SkeletalModel\AnimationScene.h">
      <Filter>File di intestazione</Filter>
    </ClInclude>
    <ClInclude Include="SkeletalModel\defines.h">
      <Filter>File di intestazione</Filter>
    </ClInclude>
    <ClInclude Include="SkeletalModel\drawable.h">
      <Filter>File di intestazione</Filter>
    </ClInclude>
    <ClInclude Include="SkeletalModel\gl_core_4_3.hpp">
      <Filter>File di intestazione</Filter>
    </ClInclude>
    <ClInclude Include="SkeletalModel\glslprogram.h">
      <Filter>File di intestazione</Filter>
    </ClInclude>
    <ClInclude Include="SkeletalModel\glutils.h">
      <Filter>File di intestazione</Filter>
    </ClInclude>
    <ClInclude Include="SkeletalModel\Math3D.h">
      <Filter>File di intestazione</Filter>
    </ClInclude>
    <ClInclude Include="SkeletalModel\QuatCamera.h">
      <Filter>File di intestazione</Filter>
    </ClInclude>
    <ClInclude Include="SkeletalModel\scene.h">
      <Filter>File di intestazione</Filter>
    </ClInclude>
    <ClInclude Include="SkeletalModel\stdafx.h">
      <Filter>File di intestazione</Filter>
    </ClInclude>
    <ClInclude Include="SkeletalModel\targetver.h">
      <Filter>File di intestazione</Filter>
    </ClInclude>
    <ClInclude Include="SkeletalModel\camera.h">
      <Filter>File di intestazione</Filter>
    </ClInclude>
  </ItemGroup>
  <ItemGroup>
    <None Include="Assets\Minotaur%40Walk.FBX" />
    <None Include="Assets\astroBoy_walk_Maya.dae" />
    <None Include="Assets\mech.fbx" />
    <None Include="Assets\Minotaur%40Attack.FBX" />
    <None Include="Assets\Minotaur%40Death1.FBX" />
    <None Include="Assets\Minotaur%40Jump.FBX" />
    <None Include="Shaders\diffuse.vert" />
    <None Include="Shaders\desktop.ini" />
    <None Include="Shaders\diffuse.frag" />
    <None Include="SkeletalModel\desktop.ini" />
    <None Include="C:\Users\david\Downloads\Jumping.fbx" />
    <None Include="Assets\Kika.fbx" />
    <None Include="Assets\Link\dancingLink.fbx" />
    <None Include="Assets\Link\dancingLink2.fbx" />
    <None Include="Assets\dancingLink2.fbx" />
    <None Include="Assets\dancingLink3.fbx" />
    <None Include="Assets\nervousLink.fbx" />
    <None Include="Assets\linkSkinned.fbx" />
    <None Include="Assets\nervousLinkUnskinned.fbx" />
    <None Include="Assets\link.fbx" />
    <None Include="Assets\Link\nervousLink.fbx" />
    <None Include="Assets\Link\link.dae" />
  </ItemGroup>
  <ItemGroup>
    <Image Include="C:\Users\david\Desktop\container.jpg">
      <Filter>File di risorse</Filter>
    </Image>
    <Image Include="C:\Users\david\Desktop\awesomeface.png">
      <Filter>File di risorse</Filter>
    </Image>
  </ItemGroup>
  <ItemGroup>
    <Library Include="..\..\AssimpBuild\bin\Release\assimp-vc142-mt.lib" />
  </ItemGroup>
</Project>