<?xml version="1.0" encoding="utf-8"?>
<Project ToolsVersion="4.0" xmlns="http://schemas.microsoft.com/developer/msbuild/2003">
  <ItemGroup>
    <Filter Include="File di origine">
      <UniqueIdentifier>{4FC737F1-C7A5-4376-A066-2A32D752A2FF}</UniqueIdentifier>
      <Extensions>cpp;c;cc;cxx;c++;cppm;ixx;def;odl;idl;hpj;bat;asm;asmx</Extensions>
    </Filter>
    <Filter Include="File di intestazione">
      <UniqueIdentifier>{93995380-89BD-4b04-88EB-625FBE52EBFB}</UniqueIdentifier>
      <Extensions>h;hh;hpp;hxx;h++;hm;inl;inc;ipp;xsd</Extensions>
    </Filter>
    <Filter Include="File di risorse">
      <UniqueIdentifier>{67DA6AB6-F800-4c08-8B7A-83BB121AAD01}</UniqueIdentifier>
      <Extensions>rc;ico;cur;bmp;dlg;rc2;rct;bin;rgs;gif;jpg;jpeg;jpe;resx;tiff;tif;png;wav;mfcribbon-ms</Extensions>
    </Filter>
  </ItemGroup>
  <ItemGroup>
    <ClCompile Include="..\..\glad\src\glad.c">
      <Filter>File di risorse</Filter>
    </ClCompile>
    <ClCompile Include="SecondExercitation\SSAO.cpp">
      <Filter>File di origine</Filter>
    </ClCompile>
  </ItemGroup>
  <ItemGroup>
    <None Include="Assets\Minotaur%40Walk.FBX" />
    <None Include="Assets\astroBoy_walk_Maya.dae" />
    <None Include="Assets\mech.fbx" />
    <None Include="Assets\Minotaur%40Attack.FBX" />
    <None Include="Assets\Minotaur%40Death1.FBX" />
    <None Include="Assets\Minotaur%40Jump.FBX" />
    <None Include="Assets\Kika.fbx" />
    <None Include="Assets\Link\dancingLink.fbx" />
    <None Include="Assets\Link\dancingLink2.fbx" />
    <None Include="Assets\dancingLink2.fbx" />
    <None Include="Assets\dancingLink3.fbx" />
    <None Include="Assets\nervousLink.fbx" />
    <None Include="Assets\linkSkinned.fbx" />
    <None Include="Assets\nervousLinkUnskinned.fbx" />
    <None Include="Assets\link.fbx" />
    <None Include="Assets\Link\nervousLink.fbx" />
    <None Include="Assets\Link\link.dae" />
    <None Include="x64\Debug\assimp-vc142-mt.dll" />
    <None Include="Assets\vampire\dancing_vampire.dae" />
    <None Include="Assets\Link\nervousLink2.fbx" />
    <None Include="Assets\timmy.fbx" />
    <None Include="Assets\timmy\timmy.dae" />
    <None Include="Assets\Orca\OrcaHouse.fbx" />
    <None Include="x64\Debug\assimp-vc143-mt.dll" />
    <None Include="Resources\backpack\backpack.mtl" />
    <None Include="SecondExercitation\ssao_geometry.vs" />
    <None Include="SecondExercitation\ssao_geometry.fs" />
    <None Include="SecondExercitation\ssao.vs" />
    <None Include="SecondExercitation\ssao_lighting.fs" />
    <None Include="SecondExercitation\ssao.fs" />
    <None Include="SecondExercitation\ssao_blur.fs" />
  </ItemGroup>
  <ItemGroup>
    <Image Include="C:\Users\david\Desktop\container.jpg">
      <Filter>File di risorse</Filter>
    </Image>
    <Image Include="C:\Users\david\Desktop\awesomeface.png">
      <Filter>File di risorse</Filter>
    </Image>
    <Image Include="Assets\timmy\textures\Ch09_1001_Specular.png">
      <Filter>File di risorse</Filter>
    </Image>
    <Image Include="Assets\timmy\textures\Ch09_1001_Diffuse.png">
      <Filter>File di risorse</Filter>
    </Image>
    <Image Include="Assets\timmy\textures\Ch09_1001_Glossiness.png">
      <Filter>File di risorse</Filter>
    </Image>
    <Image Include="Assets\timmy\textures\Ch09_1001_Normal.png">
      <Filter>File di risorse</Filter>
    </Image>
    <Image Include="Resources\matrix.jpg">
      <Filter>File di risorse</Filter>
    </Image>
    <Image Include="Resources\awesomeface.png">
      <Filter>File di risorse</Filter>
    </Image>
    <Image Include="Resources\container.jpg">
      <Filter>File di risorse</Filter>
    </Image>
    <Image Include="Resources\container2.png">
      <Filter>File di risorse</Filter>
    </Image>
    <Image Include="Resources\container2_specular.png">
      <Filter>File di risorse</Filter>
    </Image>
    <Image Include="Resources\container2_specular_color.png">
      <Filter>File di risorse</Filter>
    </Image>
    <Image Include="Resources\emission_map.png">
      <Filter>File di risorse</Filter>
    </Image>
    <Image Include="Resources\backpack\texture_diffuse1.jpg">
      <Filter>File di risorse</Filter>
    </Image>
    <Image Include="Resources\backpack\ao.jpg">
      <Filter>File di risorse</Filter>
    </Image>
    <Image Include="Resources\backpack\diffuse.jpg">
      <Filter>File di risorse</Filter>
    </Image>
    <Image Include="Resources\backpack\normal.png">
      <Filter>File di risorse</Filter>
    </Image>
    <Image Include="Resources\backpack\roughness.jpg">
      <Filter>File di risorse</Filter>
    </Image>
    <Image Include="Resources\backpack\specular.jpg">
      <Filter>File di risorse</Filter>
    </Image>
  </ItemGroup>
  <ItemGroup>
    <Text Include="Resources\backpack\source_attribution.txt" />
  </ItemGroup>
  <ItemGroup>
    <ClInclude Include="SecondExercitation\shader_s.h">
      <Filter>File di intestazione</Filter>
    </ClInclude>
    <ClInclude Include="SecondExercitation\model.h">
      <Filter>File di intestazione</Filter>
    </ClInclude>
    <ClInclude Include="SecondExercitation\camera.h">
      <Filter>File di intestazione</Filter>
    </ClInclude>
    <ClInclude Include="SecondExercitation\mesh.h">
      <Filter>File di intestazione</Filter>
    </ClInclude>
  </ItemGroup>
</Project>