<?xml version="1.0" encoding="utf-8"?>
<Project ToolsVersion="4.0" xmlns="http://schemas.microsoft.com/developer/msbuild/2003">
  <ItemGroup>
    <Filter Include="File di origine">
      <UniqueIdentifier>{4FC737F1-C7A5-4376-A066-2A32D752A2FF}</UniqueIdentifier>
      <Extensions>cpp;c;cc;cxx;c++;cppm;ixx;def;odl;idl;hpj;bat;asm;asmx</Extensions>
    </Filter>
    <Filter Include="File di intestazione">
      <UniqueIdentifier>{93995380-89BD-4b04-88EB-625FBE52EBFB}</UniqueIdentifier>
      <Extensions>h;hh;hpp;hxx;h++;hm;inl;inc;ipp;xsd</Extensions>
    </Filter>
    <Filter Include="File di risorse">
      <UniqueIdentifier>{67DA6AB6-F800-4c08-8B7A-83BB121AAD01}</UniqueIdentifier>
      <Extensions>rc;ico;cur;bmp;dlg;rc2;rct;bin;rgs;gif;jpg;jpeg;jpe;resx;tiff;tif;png;wav;mfcribbon-ms</Extensions>
    </Filter>
  </ItemGroup>
  <ItemGroup>
    <ClCompile Include="..\..\glad\src\glad.c">
      <Filter>File di risorse</Filter>
    </ClCompile>
    <ClCompile Include="Camera\Ex2\Camera.cpp">
      <Filter>File di origine</Filter>
    </ClCompile>
  </ItemGroup>
  <ItemGroup>
    <ClInclude Include="C:\Program Files (x86)\glfw-3.3.8\include\glad\glad.h">
      <Filter>File di intestazione</Filter>
    </ClInclude>
    <ClInclude Include="Shader\Ex1\Shader_Ex1.h">
      <Filter>File di intestazione</Filter>
    </ClInclude>
    <ClInclude Include="Shader\Ex2\Shader_Ex2.h">
      <Filter>File di intestazione</Filter>
    </ClInclude>
    <ClInclude Include="Shader\Ex3\Shader_Ex3.h">
      <Filter>File di intestazione</Filter>
    </ClInclude>
    <ClInclude Include="Texture\shader_s.h">
      <Filter>File di intestazione</Filter>
    </ClInclude>
    <ClInclude Include="Texture\Ex1\shader_s.h">
      <Filter>File di intestazione</Filter>
    </ClInclude>
    <ClInclude Include="Texture\Ex2\shader_s.h">
      <Filter>File di intestazione</Filter>
    </ClInclude>
    <ClInclude Include="Texture\Ex3\shader_s.h">
      <Filter>File di intestazione</Filter>
    </ClInclude>
    <ClInclude Include="Texture\Ex4\shader_s.h">
      <Filter>File di intestazione</Filter>
    </ClInclude>
    <ClInclude Include="Transformation\shader_s.h">
      <Filter>File di intestazione</Filter>
    </ClInclude>
    <ClInclude Include="CoordinateSystem\shader_s.h">
      <Filter>File di intestazione</Filter>
    </ClInclude>
    <ClInclude Include="Transformation\Ex1\shader_s.h">
      <Filter>File di intestazione</Filter>
    </ClInclude>
    <ClInclude Include="Transformation\Ex2\shader_s.h">
      <Filter>File di intestazione</Filter>
    </ClInclude>
    <ClInclude Include="CoordinateSystem\Ex1\shader_s.h">
      <Filter>File di intestazione</Filter>
    </ClInclude>
    <ClInclude Include="Camera\camera.h">
      <Filter>File di intestazione</Filter>
    </ClInclude>
    <ClInclude Include="Camera\shader_s.h">
      <Filter>File di intestazione</Filter>
    </ClInclude>
    <ClInclude Include="Camera\Ex1\camera.h">
      <Filter>File di intestazione</Filter>
    </ClInclude>
    <ClInclude Include="Camera\Ex1\shader_s.h">
      <Filter>File di intestazione</Filter>
    </ClInclude>
    <ClInclude Include="Camera\Ex2\camera.h">
      <Filter>File di intestazione</Filter>
    </ClInclude>
    <ClInclude Include="Camera\Ex2\shader_s.h">
      <Filter>File di intestazione</Filter>
    </ClInclude>
  </ItemGroup>
  <ItemGroup>
    <None Include="Shader\Ex1\Shader_Ex1_vs.glsl" />
    <None Include="Shader\Ex1\Shader_Ex1_fs.glsl" />
    <None Include="Shader\Ex2\Shader_Ex2_vs.glsl" />
    <None Include="Shader\Ex2\Shader_Ex2_fs.glsl" />
    <None Include="Shader\Ex3\Shader_Ex3_vs.glsl" />
    <None Include="Shader\Ex3\Shader_Ex3_fs.glsl" />
    <None Include="Texture\Shader_fs.glsl" />
    <None Include="Texture\Shader_vs.glsl" />
    <None Include="Texture\Ex1\Shader_fs.glsl" />
    <None Include="Texture\Ex1\Shader_vs.glsl" />
    <None Include="Texture\Ex2\Shader_vs.glsl" />
    <None Include="Texture\Ex2\Shader_fs.glsl" />
    <None Include="Texture\Ex3\Shader_fs.glsl" />
    <None Include="Texture\Ex3\Shader_vs.glsl" />
    <None Include="Texture\Ex4\Shader_vs.glsl" />
    <None Include="Texture\Ex4\Shader_fs.glsl" />
    <None Include="Transformation\Shader_fs.glsl" />
    <None Include="Transformation\Shader_vs.glsl" />
    <None Include="CoordinateSystem\Shader_fs.glsl" />
    <None Include="CoordinateSystem\Shader_vs.glsl" />
    <None Include="Transformation\Ex1\Shader_fs.glsl" />
    <None Include="Transformation\Ex1\Shader_vs.glsl" />
    <None Include="Transformation\Ex2\Shader_fs.glsl" />
    <None Include="Transformation\Ex2\Shader_vs.glsl" />
    <None Include="CoordinateSystem\Ex1\Shader_fs.glsl" />
    <None Include="CoordinateSystem\Ex1\Shader_vs.glsl" />
    <None Include="Camera\Shader_fs.glsl" />
    <None Include="Camera\Shader_vs.glsl" />
    <None Include="Camera\Ex1\Shader_vs.glsl" />
    <None Include="Camera\Ex1\Shader_fs.glsl" />
    <None Include="Camera\Ex2\Shader_vs.glsl" />
    <None Include="Camera\Ex2\Shader_fs.glsl" />
  </ItemGroup>
  <ItemGroup>
    <Image Include="C:\Users\david\Desktop\container.jpg">
      <Filter>File di risorse</Filter>
    </Image>
    <Image Include="C:\Users\david\Desktop\awesomeface.png">
      <Filter>File di risorse</Filter>
    </Image>
  </ItemGroup>
</Project>